// !$*UTF8*$!
{
	archiveVersion = 1;
	classes = {
	};
	objectVersion = 56;
	objects = {

/* Begin PBXBuildFile section */
		1860CCF92C2421600046C194 /* BookScout_v2App.swift in Sources */ = {isa = PBXBuildFile; fileRef = 1860CCF82C2421600046C194 /* BookScout_v2App.swift */; };
		1860CCFD2C2421630046C194 /* Assets.xcassets in Resources */ = {isa = PBXBuildFile; fileRef = 1860CCFC2C2421630046C194 /* Assets.xcassets */; };
		1860CD002C2421630046C194 /* Preview Assets.xcassets in Resources */ = {isa = PBXBuildFile; fileRef = 1860CCFF2C2421630046C194 /* Preview Assets.xcassets */; };
		1860CD0D2C24245C0046C194 /* RoundedCorner.swift in Sources */ = {isa = PBXBuildFile; fileRef = 1860CD0C2C24245C0046C194 /* RoundedCorner.swift */; };
		1860CD0F2C24247B0046C194 /* BookGenre.swift in Sources */ = {isa = PBXBuildFile; fileRef = 1860CD0E2C24247B0046C194 /* BookGenre.swift */; };
		1860CD112C2424930046C194 /* Tab.swift in Sources */ = {isa = PBXBuildFile; fileRef = 1860CD102C2424930046C194 /* Tab.swift */; };
		1860CD132C2424B00046C194 /* CustomColors.swift in Sources */ = {isa = PBXBuildFile; fileRef = 1860CD122C2424B00046C194 /* CustomColors.swift */; };
		1860CD152C24256F0046C194 /* ChatGPTAPI.swift in Sources */ = {isa = PBXBuildFile; fileRef = 1860CD142C24256F0046C194 /* ChatGPTAPI.swift */; };
		1860CD172C24258E0046C194 /* APIManager.swift in Sources */ = {isa = PBXBuildFile; fileRef = 1860CD162C24258E0046C194 /* APIManager.swift */; };
		1860CD192C2425AC0046C194 /* MessageRow.swift in Sources */ = {isa = PBXBuildFile; fileRef = 1860CD182C2425AC0046C194 /* MessageRow.swift */; };
		1860CD1B2C2425C50046C194 /* GPTModels.swift in Sources */ = {isa = PBXBuildFile; fileRef = 1860CD1A2C2425C50046C194 /* GPTModels.swift */; };
		1860CD1D2C2425E00046C194 /* FavoriteItem.swift in Sources */ = {isa = PBXBuildFile; fileRef = 1860CD1C2C2425E00046C194 /* FavoriteItem.swift */; };
		1860CD1F2C2425F70046C194 /* Category.swift in Sources */ = {isa = PBXBuildFile; fileRef = 1860CD1E2C2425F70046C194 /* Category.swift */; };
		1860CD212C2426250046C194 /* ChatViewModel.swift in Sources */ = {isa = PBXBuildFile; fileRef = 1860CD202C2426250046C194 /* ChatViewModel.swift */; };
		1860CD232C24264C0046C194 /* ChatBlogsViewModel.swift in Sources */ = {isa = PBXBuildFile; fileRef = 1860CD222C24264C0046C194 /* ChatBlogsViewModel.swift */; };
		1860CD252C2426660046C194 /* ChatCategoryViewModel.swift in Sources */ = {isa = PBXBuildFile; fileRef = 1860CD242C2426650046C194 /* ChatCategoryViewModel.swift */; };
		1860CD272C2426800046C194 /* ChatBookViewModel.swift in Sources */ = {isa = PBXBuildFile; fileRef = 1860CD262C2426800046C194 /* ChatBookViewModel.swift */; };
		1860CD292C2426930046C194 /* GenreSelectionViewModel.swift in Sources */ = {isa = PBXBuildFile; fileRef = 1860CD282C2426930046C194 /* GenreSelectionViewModel.swift */; };
		1860CD2B2C2426B40046C194 /* FavoritesViewModel.swift in Sources */ = {isa = PBXBuildFile; fileRef = 1860CD2A2C2426B40046C194 /* FavoritesViewModel.swift */; };
		1860CD2D2C2426CF0046C194 /* CategoriesViewModel.swift in Sources */ = {isa = PBXBuildFile; fileRef = 1860CD2C2C2426CF0046C194 /* CategoriesViewModel.swift */; };
		1860CD2F2C2426E80046C194 /* BaseChatViewModel.swift in Sources */ = {isa = PBXBuildFile; fileRef = 1860CD2E2C2426E80046C194 /* BaseChatViewModel.swift */; };
		1860CD312C2427A70046C194 /* DarkButtonStyle.swift in Sources */ = {isa = PBXBuildFile; fileRef = 1860CD302C2427A70046C194 /* DarkButtonStyle.swift */; };
		1860CD332C2427C60046C194 /* RoundedButtonStyle.swift in Sources */ = {isa = PBXBuildFile; fileRef = 1860CD322C2427C60046C194 /* RoundedButtonStyle.swift */; };
		1860CD3C2C2428870046C194 /* ChatView.swift in Sources */ = {isa = PBXBuildFile; fileRef = 1860CD3B2C2428870046C194 /* ChatView.swift */; };
		1860CD3E2C2428AE0046C194 /* ChatBlogsView.swift in Sources */ = {isa = PBXBuildFile; fileRef = 1860CD3D2C2428AE0046C194 /* ChatBlogsView.swift */; };
		1860CD402C2428CD0046C194 /* ChatBookView.swift in Sources */ = {isa = PBXBuildFile; fileRef = 1860CD3F2C2428CD0046C194 /* ChatBookView.swift */; };
		1860CD422C2428F30046C194 /* ChatCategoryView.swift in Sources */ = {isa = PBXBuildFile; fileRef = 1860CD412C2428F30046C194 /* ChatCategoryView.swift */; };
		1860CD442C2429270046C194 /* MessageRowView.swift in Sources */ = {isa = PBXBuildFile; fileRef = 1860CD432C2429270046C194 /* MessageRowView.swift */; };
		1860CD482C2429780046C194 /* ButtonFind.swift in Sources */ = {isa = PBXBuildFile; fileRef = 1860CD472C2429780046C194 /* ButtonFind.swift */; };
		1860CD4A2C2429920046C194 /* WordField.swift in Sources */ = {isa = PBXBuildFile; fileRef = 1860CD492C2429920046C194 /* WordField.swift */; };
		1860CD4C2C2429C30046C194 /* ChevronView.swift in Sources */ = {isa = PBXBuildFile; fileRef = 1860CD4B2C2429C30046C194 /* ChevronView.swift */; };
		1860CD4E2C2429E50046C194 /* XmarkButton.swift in Sources */ = {isa = PBXBuildFile; fileRef = 1860CD4D2C2429E50046C194 /* XmarkButton.swift */; };
		1860CD502C2429FF0046C194 /* NewIconView.swift in Sources */ = {isa = PBXBuildFile; fileRef = 1860CD4F2C2429FF0046C194 /* NewIconView.swift */; };
		1860CD522C242A180046C194 /* CategoryView.swift in Sources */ = {isa = PBXBuildFile; fileRef = 1860CD512C242A180046C194 /* CategoryView.swift */; };
		1860CD542C242A2E0046C194 /* FavoritesListView.swift in Sources */ = {isa = PBXBuildFile; fileRef = 1860CD532C242A2E0046C194 /* FavoritesListView.swift */; };
		1860CD562C242AAB0046C194 /* GenreSelectionView.swift in Sources */ = {isa = PBXBuildFile; fileRef = 1860CD552C242AAB0046C194 /* GenreSelectionView.swift */; };
		1860CD582C242AC70046C194 /* NotificationSheetView.swift in Sources */ = {isa = PBXBuildFile; fileRef = 1860CD572C242AC70046C194 /* NotificationSheetView.swift */; };
		1860CD5A2C242AED0046C194 /* MainPage.swift in Sources */ = {isa = PBXBuildFile; fileRef = 1860CD592C242AED0046C194 /* MainPage.swift */; };
		1860CD5C2C242B0E0046C194 /* SameBookFiction.swift in Sources */ = {isa = PBXBuildFile; fileRef = 1860CD5B2C242B0E0046C194 /* SameBookFiction.swift */; };
		1860CD5E2C242B380046C194 /* SelectAuthorFiction.swift in Sources */ = {isa = PBXBuildFile; fileRef = 1860CD5D2C242B380046C194 /* SelectAuthorFiction.swift */; };
		1860CD602C242B840046C194 /* CategoriesView.swift in Sources */ = {isa = PBXBuildFile; fileRef = 1860CD5F2C242B840046C194 /* CategoriesView.swift */; };
		1860CD622C242BAB0046C194 /* LaunchScreen.swift in Sources */ = {isa = PBXBuildFile; fileRef = 1860CD612C242BAB0046C194 /* LaunchScreen.swift */; };
		1860CD642C242BC40046C194 /* LoaderView.swift in Sources */ = {isa = PBXBuildFile; fileRef = 1860CD632C242BC40046C194 /* LoaderView.swift */; };
		1860CD662C242BE60046C194 /* TabViewMain.swift in Sources */ = {isa = PBXBuildFile; fileRef = 1860CD652C242BE60046C194 /* TabViewMain.swift */; };
		1860CD682C242C0D0046C194 /* CustomView.swift in Sources */ = {isa = PBXBuildFile; fileRef = 1860CD672C242C0D0046C194 /* CustomView.swift */; };
		1860CD6C2C2431390046C194 /* Montserrat-Bold.ttf in Resources */ = {isa = PBXBuildFile; fileRef = 1860CD6A2C2431390046C194 /* Montserrat-Bold.ttf */; };
		1860CD702C2431450046C194 /* Montserrat-ExtraBold.ttf in Resources */ = {isa = PBXBuildFile; fileRef = 1860CD6E2C2431450046C194 /* Montserrat-ExtraBold.ttf */; };
		1860CD742C2431530046C194 /* Montserrat-SemiBold.ttf in Resources */ = {isa = PBXBuildFile; fileRef = 1860CD722C2431530046C194 /* Montserrat-SemiBold.ttf */; };
		1860CD772C24315E0046C194 /* Montserrat-Regular.ttf in Resources */ = {isa = PBXBuildFile; fileRef = 1860CD762C24315E0046C194 /* Montserrat-Regular.ttf */; };
		1860CD7A2C2431BE0046C194 /* FontExtension.swift in Sources */ = {isa = PBXBuildFile; fileRef = 1860CD792C2431BE0046C194 /* FontExtension.swift */; };
		1860CD7C2C292E910046C194 /* URLRequestBuilder.swift in Sources */ = {isa = PBXBuildFile; fileRef = 1860CD7B2C292E910046C194 /* URLRequestBuilder.swift */; };
		1860CD7E2C2A7BFB0046C194 /* APIConstants.swift in Sources */ = {isa = PBXBuildFile; fileRef = 1860CD7D2C2A7BFB0046C194 /* APIConstants.swift */; };
/* End PBXBuildFile section */

/* Begin PBXFileReference section */
		1860CCF52C2421600046C194 /* BookScout-v2.app */ = {isa = PBXFileReference; explicitFileType = wrapper.application; includeInIndex = 0; path = "BookScout-v2.app"; sourceTree = BUILT_PRODUCTS_DIR; };
		1860CCF82C2421600046C194 /* BookScout_v2App.swift */ = {isa = PBXFileReference; lastKnownFileType = sourcecode.swift; path = BookScout_v2App.swift; sourceTree = "<group>"; };
		1860CCFC2C2421630046C194 /* Assets.xcassets */ = {isa = PBXFileReference; lastKnownFileType = folder.assetcatalog; path = Assets.xcassets; sourceTree = "<group>"; };
		1860CCFF2C2421630046C194 /* Preview Assets.xcassets */ = {isa = PBXFileReference; lastKnownFileType = folder.assetcatalog; path = "Preview Assets.xcassets"; sourceTree = "<group>"; };
		1860CD0C2C24245C0046C194 /* RoundedCorner.swift */ = {isa = PBXFileReference; lastKnownFileType = sourcecode.swift; path = RoundedCorner.swift; sourceTree = "<group>"; };
		1860CD0E2C24247B0046C194 /* BookGenre.swift */ = {isa = PBXFileReference; lastKnownFileType = sourcecode.swift; path = BookGenre.swift; sourceTree = "<group>"; };
		1860CD102C2424930046C194 /* Tab.swift */ = {isa = PBXFileReference; lastKnownFileType = sourcecode.swift; path = Tab.swift; sourceTree = "<group>"; };
		1860CD122C2424B00046C194 /* CustomColors.swift */ = {isa = PBXFileReference; lastKnownFileType = sourcecode.swift; path = CustomColors.swift; sourceTree = "<group>"; };
		1860CD142C24256F0046C194 /* ChatGPTAPI.swift */ = {isa = PBXFileReference; lastKnownFileType = sourcecode.swift; path = ChatGPTAPI.swift; sourceTree = "<group>"; };
		1860CD162C24258E0046C194 /* APIManager.swift */ = {isa = PBXFileReference; lastKnownFileType = sourcecode.swift; path = APIManager.swift; sourceTree = "<group>"; };
		1860CD182C2425AC0046C194 /* MessageRow.swift */ = {isa = PBXFileReference; lastKnownFileType = sourcecode.swift; path = MessageRow.swift; sourceTree = "<group>"; };
		1860CD1A2C2425C50046C194 /* GPTModels.swift */ = {isa = PBXFileReference; lastKnownFileType = sourcecode.swift; path = GPTModels.swift; sourceTree = "<group>"; };
		1860CD1C2C2425E00046C194 /* FavoriteItem.swift */ = {isa = PBXFileReference; lastKnownFileType = sourcecode.swift; path = FavoriteItem.swift; sourceTree = "<group>"; };
		1860CD1E2C2425F70046C194 /* Category.swift */ = {isa = PBXFileReference; lastKnownFileType = sourcecode.swift; path = Category.swift; sourceTree = "<group>"; };
		1860CD202C2426250046C194 /* ChatViewModel.swift */ = {isa = PBXFileReference; lastKnownFileType = sourcecode.swift; path = ChatViewModel.swift; sourceTree = "<group>"; };
		1860CD222C24264C0046C194 /* ChatBlogsViewModel.swift */ = {isa = PBXFileReference; lastKnownFileType = sourcecode.swift; path = ChatBlogsViewModel.swift; sourceTree = "<group>"; };
		1860CD242C2426650046C194 /* ChatCategoryViewModel.swift */ = {isa = PBXFileReference; lastKnownFileType = sourcecode.swift; path = ChatCategoryViewModel.swift; sourceTree = "<group>"; };
		1860CD262C2426800046C194 /* ChatBookViewModel.swift */ = {isa = PBXFileReference; lastKnownFileType = sourcecode.swift; path = ChatBookViewModel.swift; sourceTree = "<group>"; };
		1860CD282C2426930046C194 /* GenreSelectionViewModel.swift */ = {isa = PBXFileReference; lastKnownFileType = sourcecode.swift; path = GenreSelectionViewModel.swift; sourceTree = "<group>"; };
		1860CD2A2C2426B40046C194 /* FavoritesViewModel.swift */ = {isa = PBXFileReference; lastKnownFileType = sourcecode.swift; path = FavoritesViewModel.swift; sourceTree = "<group>"; };
		1860CD2C2C2426CF0046C194 /* CategoriesViewModel.swift */ = {isa = PBXFileReference; lastKnownFileType = sourcecode.swift; path = CategoriesViewModel.swift; sourceTree = "<group>"; };
		1860CD2E2C2426E80046C194 /* BaseChatViewModel.swift */ = {isa = PBXFileReference; lastKnownFileType = sourcecode.swift; path = BaseChatViewModel.swift; sourceTree = "<group>"; };
		1860CD302C2427A70046C194 /* DarkButtonStyle.swift */ = {isa = PBXFileReference; lastKnownFileType = sourcecode.swift; path = DarkButtonStyle.swift; sourceTree = "<group>"; };
		1860CD322C2427C60046C194 /* RoundedButtonStyle.swift */ = {isa = PBXFileReference; lastKnownFileType = sourcecode.swift; path = RoundedButtonStyle.swift; sourceTree = "<group>"; };
		1860CD3B2C2428870046C194 /* ChatView.swift */ = {isa = PBXFileReference; lastKnownFileType = sourcecode.swift; path = ChatView.swift; sourceTree = "<group>"; };
		1860CD3D2C2428AE0046C194 /* ChatBlogsView.swift */ = {isa = PBXFileReference; lastKnownFileType = sourcecode.swift; path = ChatBlogsView.swift; sourceTree = "<group>"; };
		1860CD3F2C2428CD0046C194 /* ChatBookView.swift */ = {isa = PBXFileReference; lastKnownFileType = sourcecode.swift; path = ChatBookView.swift; sourceTree = "<group>"; };
		1860CD412C2428F30046C194 /* ChatCategoryView.swift */ = {isa = PBXFileReference; lastKnownFileType = sourcecode.swift; path = ChatCategoryView.swift; sourceTree = "<group>"; };
		1860CD432C2429270046C194 /* MessageRowView.swift */ = {isa = PBXFileReference; lastKnownFileType = sourcecode.swift; path = MessageRowView.swift; sourceTree = "<group>"; };
		1860CD472C2429780046C194 /* ButtonFind.swift */ = {isa = PBXFileReference; lastKnownFileType = sourcecode.swift; path = ButtonFind.swift; sourceTree = "<group>"; };
		1860CD492C2429920046C194 /* WordField.swift */ = {isa = PBXFileReference; lastKnownFileType = sourcecode.swift; path = WordField.swift; sourceTree = "<group>"; };
		1860CD4B2C2429C30046C194 /* ChevronView.swift */ = {isa = PBXFileReference; lastKnownFileType = sourcecode.swift; path = ChevronView.swift; sourceTree = "<group>"; };
		1860CD4D2C2429E50046C194 /* XmarkButton.swift */ = {isa = PBXFileReference; lastKnownFileType = sourcecode.swift; path = XmarkButton.swift; sourceTree = "<group>"; };
		1860CD4F2C2429FF0046C194 /* NewIconView.swift */ = {isa = PBXFileReference; lastKnownFileType = sourcecode.swift; path = NewIconView.swift; sourceTree = "<group>"; };
		1860CD512C242A180046C194 /* CategoryView.swift */ = {isa = PBXFileReference; lastKnownFileType = sourcecode.swift; path = CategoryView.swift; sourceTree = "<group>"; };
		1860CD532C242A2E0046C194 /* FavoritesListView.swift */ = {isa = PBXFileReference; lastKnownFileType = sourcecode.swift; path = FavoritesListView.swift; sourceTree = "<group>"; };
		1860CD552C242AAB0046C194 /* GenreSelectionView.swift */ = {isa = PBXFileReference; lastKnownFileType = sourcecode.swift; path = GenreSelectionView.swift; sourceTree = "<group>"; };
		1860CD572C242AC70046C194 /* NotificationSheetView.swift */ = {isa = PBXFileReference; lastKnownFileType = sourcecode.swift; path = NotificationSheetView.swift; sourceTree = "<group>"; };
		1860CD592C242AED0046C194 /* MainPage.swift */ = {isa = PBXFileReference; lastKnownFileType = sourcecode.swift; path = MainPage.swift; sourceTree = "<group>"; };
		1860CD5B2C242B0E0046C194 /* SameBookFiction.swift */ = {isa = PBXFileReference; lastKnownFileType = sourcecode.swift; path = SameBookFiction.swift; sourceTree = "<group>"; };
		1860CD5D2C242B380046C194 /* SelectAuthorFiction.swift */ = {isa = PBXFileReference; lastKnownFileType = sourcecode.swift; path = SelectAuthorFiction.swift; sourceTree = "<group>"; };
		1860CD5F2C242B840046C194 /* CategoriesView.swift */ = {isa = PBXFileReference; lastKnownFileType = sourcecode.swift; path = CategoriesView.swift; sourceTree = "<group>"; };
		1860CD612C242BAB0046C194 /* LaunchScreen.swift */ = {isa = PBXFileReference; lastKnownFileType = sourcecode.swift; path = LaunchScreen.swift; sourceTree = "<group>"; };
		1860CD632C242BC40046C194 /* LoaderView.swift */ = {isa = PBXFileReference; lastKnownFileType = sourcecode.swift; path = LoaderView.swift; sourceTree = "<group>"; };
		1860CD652C242BE60046C194 /* TabViewMain.swift */ = {isa = PBXFileReference; lastKnownFileType = sourcecode.swift; path = TabViewMain.swift; sourceTree = "<group>"; };
		1860CD672C242C0D0046C194 /* CustomView.swift */ = {isa = PBXFileReference; lastKnownFileType = sourcecode.swift; path = CustomView.swift; sourceTree = "<group>"; };
		1860CD6A2C2431390046C194 /* Montserrat-Bold.ttf */ = {isa = PBXFileReference; lastKnownFileType = file; path = "Montserrat-Bold.ttf"; sourceTree = "<group>"; };
		1860CD6E2C2431450046C194 /* Montserrat-ExtraBold.ttf */ = {isa = PBXFileReference; lastKnownFileType = file; path = "Montserrat-ExtraBold.ttf"; sourceTree = "<group>"; };
		1860CD722C2431530046C194 /* Montserrat-SemiBold.ttf */ = {isa = PBXFileReference; lastKnownFileType = file; path = "Montserrat-SemiBold.ttf"; sourceTree = "<group>"; };
		1860CD762C24315E0046C194 /* Montserrat-Regular.ttf */ = {isa = PBXFileReference; lastKnownFileType = file; path = "Montserrat-Regular.ttf"; sourceTree = "<group>"; };
		1860CD782C24317A0046C194 /* Info.plist */ = {isa = PBXFileReference; lastKnownFileType = text.plist; path = Info.plist; sourceTree = "<group>"; };
		1860CD792C2431BE0046C194 /* FontExtension.swift */ = {isa = PBXFileReference; lastKnownFileType = sourcecode.swift; path = FontExtension.swift; sourceTree = "<group>"; };
		1860CD7B2C292E910046C194 /* URLRequestBuilder.swift */ = {isa = PBXFileReference; lastKnownFileType = sourcecode.swift; path = URLRequestBuilder.swift; sourceTree = "<group>"; };
		1860CD7D2C2A7BFB0046C194 /* APIConstants.swift */ = {isa = PBXFileReference; lastKnownFileType = sourcecode.swift; path = APIConstants.swift; sourceTree = "<group>"; };
/* End PBXFileReference section */

/* Begin PBXFrameworksBuildPhase section */
		1860CCF22C2421600046C194 /* Frameworks */ = {
			isa = PBXFrameworksBuildPhase;
			buildActionMask = 2147483647;
			files = (
			);
			runOnlyForDeploymentPostprocessing = 0;
		};
/* End PBXFrameworksBuildPhase section */

/* Begin PBXGroup section */
		1860CCEC2C2421600046C194 = {
			isa = PBXGroup;
			children = (
				1860CCF72C2421600046C194 /* BookScout-v2 */,
				1860CCF62C2421600046C194 /* Products */,
			);
			sourceTree = "<group>";
		};
		1860CCF62C2421600046C194 /* Products */ = {
			isa = PBXGroup;
			children = (
				1860CCF52C2421600046C194 /* BookScout-v2.app */,
			);
			name = Products;
			sourceTree = "<group>";
		};
		1860CCF72C2421600046C194 /* BookScout-v2 */ = {
			isa = PBXGroup;
			children = (
				1860CD782C24317A0046C194 /* Info.plist */,
				1860CD0B2C2423250046C194 /* Design */,
				1860CD062C2422C20046C194 /* View  */,
				1860CD072C2422CE0046C194 /* ViewModel */,
				1860CD082C2422E50046C194 /* Model */,
				1860CD092C2422F90046C194 /* Network */,
				1860CD0A2C2423060046C194 /* Auxiliary  */,
				1860CCF82C2421600046C194 /* BookScout_v2App.swift */,
				1860CCFE2C2421630046C194 /* Preview Content */,
			);
			path = "BookScout-v2";
			sourceTree = "<group>";
		};
		1860CCFE2C2421630046C194 /* Preview Content */ = {
			isa = PBXGroup;
			children = (
				1860CCFF2C2421630046C194 /* Preview Assets.xcassets */,
			);
			path = "Preview Content";
			sourceTree = "<group>";
		};
		1860CD062C2422C20046C194 /* View  */ = {
			isa = PBXGroup;
			children = (
				1860CD342C2427E00046C194 /* TabView  */,
				1860CD352C2427E70046C194 /* LaunchScreen  */,
				1860CD362C2428020046C194 /* MainScreens */,
				1860CD372C2428240046C194 /* GenreView */,
				1860CD382C2428300046C194 /* AuxiliaryForMain  */,
				1860CD392C2428400046C194 /* ReusedViews */,
				1860CD3A2C24284C0046C194 /* Chats */,
			);
			path = "View ";
			sourceTree = "<group>";
		};
		1860CD072C2422CE0046C194 /* ViewModel */ = {
			isa = PBXGroup;
			children = (
				1860CD202C2426250046C194 /* ChatViewModel.swift */,
				1860CD222C24264C0046C194 /* ChatBlogsViewModel.swift */,
				1860CD242C2426650046C194 /* ChatCategoryViewModel.swift */,
				1860CD262C2426800046C194 /* ChatBookViewModel.swift */,
				1860CD282C2426930046C194 /* GenreSelectionViewModel.swift */,
				1860CD2A2C2426B40046C194 /* FavoritesViewModel.swift */,
				1860CD2C2C2426CF0046C194 /* CategoriesViewModel.swift */,
				1860CD2E2C2426E80046C194 /* BaseChatViewModel.swift */,
			);
			path = ViewModel;
			sourceTree = "<group>";
		};
		1860CD082C2422E50046C194 /* Model */ = {
			isa = PBXGroup;
			children = (
				1860CD182C2425AC0046C194 /* MessageRow.swift */,
				1860CD1A2C2425C50046C194 /* GPTModels.swift */,
				1860CD1C2C2425E00046C194 /* FavoriteItem.swift */,
				1860CD1E2C2425F70046C194 /* Category.swift */,
			);
			path = Model;
			sourceTree = "<group>";
		};
		1860CD092C2422F90046C194 /* Network */ = {
			isa = PBXGroup;
			children = (
				1860CD142C24256F0046C194 /* ChatGPTAPI.swift */,
				1860CD162C24258E0046C194 /* APIManager.swift */,
				1860CD7B2C292E910046C194 /* URLRequestBuilder.swift */,
				1860CD7D2C2A7BFB0046C194 /* APIConstants.swift */,
			);
			path = Network;
			sourceTree = "<group>";
		};
		1860CD0A2C2423060046C194 /* Auxiliary  */ = {
			isa = PBXGroup;
			children = (
				1860CD692C2430CA0046C194 /* Fonts */,
				1860CCFC2C2421630046C194 /* Assets.xcassets */,
				1860CD0E2C24247B0046C194 /* BookGenre.swift */,
				1860CD102C2424930046C194 /* Tab.swift */,
				1860CD122C2424B00046C194 /* CustomColors.swift */,
				1860CD792C2431BE0046C194 /* FontExtension.swift */,
			);
			path = "Auxiliary ";
			sourceTree = "<group>";
		};
		1860CD0B2C2423250046C194 /* Design */ = {
			isa = PBXGroup;
			children = (
				1860CD0C2C24245C0046C194 /* RoundedCorner.swift */,
				1860CD302C2427A70046C194 /* DarkButtonStyle.swift */,
				1860CD322C2427C60046C194 /* RoundedButtonStyle.swift */,
			);
			path = Design;
			sourceTree = "<group>";
		};
		1860CD342C2427E00046C194 /* TabView  */ = {
			isa = PBXGroup;
			children = (
				1860CD652C242BE60046C194 /* TabViewMain.swift */,
				1860CD672C242C0D0046C194 /* CustomView.swift */,
			);
			path = "TabView ";
			sourceTree = "<group>";
		};
		1860CD352C2427E70046C194 /* LaunchScreen  */ = {
			isa = PBXGroup;
			children = (
				1860CD612C242BAB0046C194 /* LaunchScreen.swift */,
				1860CD632C242BC40046C194 /* LoaderView.swift */,
			);
			path = "LaunchScreen ";
			sourceTree = "<group>";
		};
		1860CD362C2428020046C194 /* MainScreens */ = {
			isa = PBXGroup;
			children = (
				1860CD592C242AED0046C194 /* MainPage.swift */,
				18AFCF152C3CEDD000AC412C /* PagesMainFunctions */,
			);
			path = MainScreens;
			sourceTree = "<group>";
		};
		1860CD372C2428240046C194 /* GenreView */ = {
			isa = PBXGroup;
			children = (
				1860CD552C242AAB0046C194 /* GenreSelectionView.swift */,
				1860CD572C242AC70046C194 /* NotificationSheetView.swift */,
			);
			path = GenreView;
			sourceTree = "<group>";
		};
		1860CD382C2428300046C194 /* AuxiliaryForMain  */ = {
			isa = PBXGroup;
			children = (
				1860CD4D2C2429E50046C194 /* XmarkButton.swift */,
				1860CD4F2C2429FF0046C194 /* NewIconView.swift */,
				1860CD512C242A180046C194 /* CategoryView.swift */,
				1860CD532C242A2E0046C194 /* FavoritesListView.swift */,
			);
			path = "AuxiliaryForMain ";
			sourceTree = "<group>";
		};
		1860CD392C2428400046C194 /* ReusedViews */ = {
			isa = PBXGroup;
			children = (
				1860CD432C2429270046C194 /* MessageRowView.swift */,
				1860CD472C2429780046C194 /* ButtonFind.swift */,
				1860CD492C2429920046C194 /* WordField.swift */,
				1860CD4B2C2429C30046C194 /* ChevronView.swift */,
			);
			path = ReusedViews;
			sourceTree = "<group>";
		};
		1860CD3A2C24284C0046C194 /* Chats */ = {
			isa = PBXGroup;
			children = (
				1860CD3B2C2428870046C194 /* ChatView.swift */,
				1860CD3D2C2428AE0046C194 /* ChatBlogsView.swift */,
				1860CD3F2C2428CD0046C194 /* ChatBookView.swift */,
				1860CD412C2428F30046C194 /* ChatCategoryView.swift */,
			);
			path = Chats;
			sourceTree = "<group>";
		};
		1860CD692C2430CA0046C194 /* Fonts */ = {
			isa = PBXGroup;
			children = (
				1860CD6A2C2431390046C194 /* Montserrat-Bold.ttf */,
				1860CD6E2C2431450046C194 /* Montserrat-ExtraBold.ttf */,
				1860CD722C2431530046C194 /* Montserrat-SemiBold.ttf */,
				1860CD762C24315E0046C194 /* Montserrat-Regular.ttf */,
			);
			path = Fonts;
			sourceTree = "<group>";
		};
		18AFCF152C3CEDD000AC412C /* PagesMainFunctions */ = {
			isa = PBXGroup;
			children = (
				1860CD5B2C242B0E0046C194 /* SameBookFiction.swift */,
				1860CD5D2C242B380046C194 /* SelectAuthorFiction.swift */,
				1860CD5F2C242B840046C194 /* CategoriesView.swift */,
			);
			path = PagesMainFunctions;
			sourceTree = "<group>";
		};
/* End PBXGroup section */

/* Begin PBXNativeTarget section */
		1860CCF42C2421600046C194 /* BookScout-v2 */ = {
			isa = PBXNativeTarget;
			buildConfigurationList = 1860CD032C2421630046C194 /* Build configuration list for PBXNativeTarget "BookScout-v2" */;
			buildPhases = (
				1860CCF12C2421600046C194 /* Sources */,
				1860CCF22C2421600046C194 /* Frameworks */,
				1860CCF32C2421600046C194 /* Resources */,
			);
			buildRules = (
			);
			dependencies = (
			);
			name = "BookScout-v2";
			productName = "BookScout-v2";
			productReference = 1860CCF52C2421600046C194 /* BookScout-v2.app */;
			productType = "com.apple.product-type.application";
		};
/* End PBXNativeTarget section */

/* Begin PBXProject section */
		1860CCED2C2421600046C194 /* Project object */ = {
			isa = PBXProject;
			attributes = {
				BuildIndependentTargetsInParallel = 1;
				LastSwiftUpdateCheck = 1540;
				LastUpgradeCheck = 1540;
				TargetAttributes = {
					1860CCF42C2421600046C194 = {
						CreatedOnToolsVersion = 15.4;
					};
				};
			};
			buildConfigurationList = 1860CCF02C2421600046C194 /* Build configuration list for PBXProject "BookScout-v2" */;
			compatibilityVersion = "Xcode 14.0";
			developmentRegion = en;
			hasScannedForEncodings = 0;
			knownRegions = (
				en,
				Base,
			);
			mainGroup = 1860CCEC2C2421600046C194;
			productRefGroup = 1860CCF62C2421600046C194 /* Products */;
			projectDirPath = "";
			projectRoot = "";
			targets = (
				1860CCF42C2421600046C194 /* BookScout-v2 */,
			);
		};
/* End PBXProject section */

/* Begin PBXResourcesBuildPhase section */
		1860CCF32C2421600046C194 /* Resources */ = {
			isa = PBXResourcesBuildPhase;
			buildActionMask = 2147483647;
			files = (
				1860CD772C24315E0046C194 /* Montserrat-Regular.ttf in Resources */,
				1860CD702C2431450046C194 /* Montserrat-ExtraBold.ttf in Resources */,
				1860CD002C2421630046C194 /* Preview Assets.xcassets in Resources */,
				1860CD742C2431530046C194 /* Montserrat-SemiBold.ttf in Resources */,
				1860CCFD2C2421630046C194 /* Assets.xcassets in Resources */,
				1860CD6C2C2431390046C194 /* Montserrat-Bold.ttf in Resources */,
			);
			runOnlyForDeploymentPostprocessing = 0;
		};
/* End PBXResourcesBuildPhase section */

/* Begin PBXSourcesBuildPhase section */
		1860CCF12C2421600046C194 /* Sources */ = {
			isa = PBXSourcesBuildPhase;
			buildActionMask = 2147483647;
			files = (
				1860CD192C2425AC0046C194 /* MessageRow.swift in Sources */,
				1860CD582C242AC70046C194 /* NotificationSheetView.swift in Sources */,
				1860CD152C24256F0046C194 /* ChatGPTAPI.swift in Sources */,
				1860CD4A2C2429920046C194 /* WordField.swift in Sources */,
				1860CD0D2C24245C0046C194 /* RoundedCorner.swift in Sources */,
				1860CD542C242A2E0046C194 /* FavoritesListView.swift in Sources */,
				1860CD402C2428CD0046C194 /* ChatBookView.swift in Sources */,
				1860CD522C242A180046C194 /* CategoryView.swift in Sources */,
				1860CD602C242B840046C194 /* CategoriesView.swift in Sources */,
				1860CD232C24264C0046C194 /* ChatBlogsViewModel.swift in Sources */,
				1860CD3C2C2428870046C194 /* ChatView.swift in Sources */,
				1860CD422C2428F30046C194 /* ChatCategoryView.swift in Sources */,
				1860CD1B2C2425C50046C194 /* GPTModels.swift in Sources */,
				1860CD332C2427C60046C194 /* RoundedButtonStyle.swift in Sources */,
				1860CD132C2424B00046C194 /* CustomColors.swift in Sources */,
				1860CD7A2C2431BE0046C194 /* FontExtension.swift in Sources */,
				1860CD7E2C2A7BFB0046C194 /* APIConstants.swift in Sources */,
				1860CD0F2C24247B0046C194 /* BookGenre.swift in Sources */,
				1860CD562C242AAB0046C194 /* GenreSelectionView.swift in Sources */,
				1860CD682C242C0D0046C194 /* CustomView.swift in Sources */,
				1860CD642C242BC40046C194 /* LoaderView.swift in Sources */,
				1860CD2F2C2426E80046C194 /* BaseChatViewModel.swift in Sources */,
				1860CD5C2C242B0E0046C194 /* SameBookFiction.swift in Sources */,
				1860CD622C242BAB0046C194 /* LaunchScreen.swift in Sources */,
				1860CD482C2429780046C194 /* ButtonFind.swift in Sources */,
				1860CD2B2C2426B40046C194 /* FavoritesViewModel.swift in Sources */,
				1860CD5A2C242AED0046C194 /* MainPage.swift in Sources */,
				1860CD272C2426800046C194 /* ChatBookViewModel.swift in Sources */,
				1860CD4C2C2429C30046C194 /* ChevronView.swift in Sources */,
				1860CD1D2C2425E00046C194 /* FavoriteItem.swift in Sources */,
				1860CD5E2C242B380046C194 /* SelectAuthorFiction.swift in Sources */,
				1860CCF92C2421600046C194 /* BookScout_v2App.swift in Sources */,
				1860CD112C2424930046C194 /* Tab.swift in Sources */,
				1860CD3E2C2428AE0046C194 /* ChatBlogsView.swift in Sources */,
				1860CD4E2C2429E50046C194 /* XmarkButton.swift in Sources */,
				1860CD7C2C292E910046C194 /* URLRequestBuilder.swift in Sources */,
				1860CD292C2426930046C194 /* GenreSelectionViewModel.swift in Sources */,
				1860CD172C24258E0046C194 /* APIManager.swift in Sources */,
				1860CD312C2427A70046C194 /* DarkButtonStyle.swift in Sources */,
				1860CD502C2429FF0046C194 /* NewIconView.swift in Sources */,
				1860CD442C2429270046C194 /* MessageRowView.swift in Sources */,
				1860CD212C2426250046C194 /* ChatViewModel.swift in Sources */,
				1860CD252C2426660046C194 /* ChatCategoryViewModel.swift in Sources */,
				1860CD2D2C2426CF0046C194 /* CategoriesViewModel.swift in Sources */,
				1860CD662C242BE60046C194 /* TabViewMain.swift in Sources */,
				1860CD1F2C2425F70046C194 /* Category.swift in Sources */,
			);
			runOnlyForDeploymentPostprocessing = 0;
		};
/* End PBXSourcesBuildPhase section */

/* Begin XCBuildConfiguration section */
		1860CD012C2421630046C194 /* Debug */ = {
			isa = XCBuildConfiguration;
			buildSettings = {
				ALWAYS_SEARCH_USER_PATHS = NO;
				ASSETCATALOG_COMPILER_GENERATE_SWIFT_ASSET_SYMBOL_EXTENSIONS = YES;
				CLANG_ANALYZER_NONNULL = YES;
				CLANG_ANALYZER_NUMBER_OBJECT_CONVERSION = YES_AGGRESSIVE;
				CLANG_CXX_LANGUAGE_STANDARD = "gnu++20";
				CLANG_ENABLE_MODULES = YES;
				CLANG_ENABLE_OBJC_ARC = YES;
				CLANG_ENABLE_OBJC_WEAK = YES;
				CLANG_WARN_BLOCK_CAPTURE_AUTORELEASING = YES;
				CLANG_WARN_BOOL_CONVERSION = YES;
				CLANG_WARN_COMMA = YES;
				CLANG_WARN_CONSTANT_CONVERSION = YES;
				CLANG_WARN_DEPRECATED_OBJC_IMPLEMENTATIONS = YES;
				CLANG_WARN_DIRECT_OBJC_ISA_USAGE = YES_ERROR;
				CLANG_WARN_DOCUMENTATION_COMMENTS = YES;
				CLANG_WARN_EMPTY_BODY = YES;
				CLANG_WARN_ENUM_CONVERSION = YES;
				CLANG_WARN_INFINITE_RECURSION = YES;
				CLANG_WARN_INT_CONVERSION = YES;
				CLANG_WARN_NON_LITERAL_NULL_CONVERSION = YES;
				CLANG_WARN_OBJC_IMPLICIT_RETAIN_SELF = YES;
				CLANG_WARN_OBJC_LITERAL_CONVERSION = YES;
				CLANG_WARN_OBJC_ROOT_CLASS = YES_ERROR;
				CLANG_WARN_QUOTED_INCLUDE_IN_FRAMEWORK_HEADER = YES;
				CLANG_WARN_RANGE_LOOP_ANALYSIS = YES;
				CLANG_WARN_STRICT_PROTOTYPES = YES;
				CLANG_WARN_SUSPICIOUS_MOVE = YES;
				CLANG_WARN_UNGUARDED_AVAILABILITY = YES_AGGRESSIVE;
				CLANG_WARN_UNREACHABLE_CODE = YES;
				CLANG_WARN__DUPLICATE_METHOD_MATCH = YES;
				COPY_PHASE_STRIP = NO;
				DEBUG_INFORMATION_FORMAT = dwarf;
				ENABLE_STRICT_OBJC_MSGSEND = YES;
				ENABLE_TESTABILITY = YES;
				ENABLE_USER_SCRIPT_SANDBOXING = YES;
				GCC_C_LANGUAGE_STANDARD = gnu17;
				GCC_DYNAMIC_NO_PIC = NO;
				GCC_NO_COMMON_BLOCKS = YES;
				GCC_OPTIMIZATION_LEVEL = 0;
				GCC_PREPROCESSOR_DEFINITIONS = (
					"DEBUG=1",
					"$(inherited)",
				);
				GCC_WARN_64_TO_32_BIT_CONVERSION = YES;
				GCC_WARN_ABOUT_RETURN_TYPE = YES_ERROR;
				GCC_WARN_UNDECLARED_SELECTOR = YES;
				GCC_WARN_UNINITIALIZED_AUTOS = YES_AGGRESSIVE;
				GCC_WARN_UNUSED_FUNCTION = YES;
				GCC_WARN_UNUSED_VARIABLE = YES;
				IPHONEOS_DEPLOYMENT_TARGET = 17.5;
				LOCALIZATION_PREFERS_STRING_CATALOGS = YES;
				MTL_ENABLE_DEBUG_INFO = INCLUDE_SOURCE;
				MTL_FAST_MATH = YES;
				ONLY_ACTIVE_ARCH = YES;
				SDKROOT = iphoneos;
				SWIFT_ACTIVE_COMPILATION_CONDITIONS = "DEBUG $(inherited)";
				SWIFT_OPTIMIZATION_LEVEL = "-Onone";
			};
			name = Debug;
		};
		1860CD022C2421630046C194 /* Release */ = {
			isa = XCBuildConfiguration;
			buildSettings = {
				ALWAYS_SEARCH_USER_PATHS = NO;
				ASSETCATALOG_COMPILER_GENERATE_SWIFT_ASSET_SYMBOL_EXTENSIONS = YES;
				CLANG_ANALYZER_NONNULL = YES;
				CLANG_ANALYZER_NUMBER_OBJECT_CONVERSION = YES_AGGRESSIVE;
				CLANG_CXX_LANGUAGE_STANDARD = "gnu++20";
				CLANG_ENABLE_MODULES = YES;
				CLANG_ENABLE_OBJC_ARC = YES;
				CLANG_ENABLE_OBJC_WEAK = YES;
				CLANG_WARN_BLOCK_CAPTURE_AUTORELEASING = YES;
				CLANG_WARN_BOOL_CONVERSION = YES;
				CLANG_WARN_COMMA = YES;
				CLANG_WARN_CONSTANT_CONVERSION = YES;
				CLANG_WARN_DEPRECATED_OBJC_IMPLEMENTATIONS = YES;
				CLANG_WARN_DIRECT_OBJC_ISA_USAGE = YES_ERROR;
				CLANG_WARN_DOCUMENTATION_COMMENTS = YES;
				CLANG_WARN_EMPTY_BODY = YES;
				CLANG_WARN_ENUM_CONVERSION = YES;
				CLANG_WARN_INFINITE_RECURSION = YES;
				CLANG_WARN_INT_CONVERSION = YES;
				CLANG_WARN_NON_LITERAL_NULL_CONVERSION = YES;
				CLANG_WARN_OBJC_IMPLICIT_RETAIN_SELF = YES;
				CLANG_WARN_OBJC_LITERAL_CONVERSION = YES;
				CLANG_WARN_OBJC_ROOT_CLASS = YES_ERROR;
				CLANG_WARN_QUOTED_INCLUDE_IN_FRAMEWORK_HEADER = YES;
				CLANG_WARN_RANGE_LOOP_ANALYSIS = YES;
				CLANG_WARN_STRICT_PROTOTYPES = YES;
				CLANG_WARN_SUSPICIOUS_MOVE = YES;
				CLANG_WARN_UNGUARDED_AVAILABILITY = YES_AGGRESSIVE;
				CLANG_WARN_UNREACHABLE_CODE = YES;
				CLANG_WARN__DUPLICATE_METHOD_MATCH = YES;
				COPY_PHASE_STRIP = NO;
				DEBUG_INFORMATION_FORMAT = "dwarf-with-dsym";
				ENABLE_NS_ASSERTIONS = NO;
				ENABLE_STRICT_OBJC_MSGSEND = YES;
				ENABLE_USER_SCRIPT_SANDBOXING = YES;
				GCC_C_LANGUAGE_STANDARD = gnu17;
				GCC_NO_COMMON_BLOCKS = YES;
				GCC_WARN_64_TO_32_BIT_CONVERSION = YES;
				GCC_WARN_ABOUT_RETURN_TYPE = YES_ERROR;
				GCC_WARN_UNDECLARED_SELECTOR = YES;
				GCC_WARN_UNINITIALIZED_AUTOS = YES_AGGRESSIVE;
				GCC_WARN_UNUSED_FUNCTION = YES;
				GCC_WARN_UNUSED_VARIABLE = YES;
				IPHONEOS_DEPLOYMENT_TARGET = 17.5;
				LOCALIZATION_PREFERS_STRING_CATALOGS = YES;
				MTL_ENABLE_DEBUG_INFO = NO;
				MTL_FAST_MATH = YES;
				SDKROOT = iphoneos;
				SWIFT_COMPILATION_MODE = wholemodule;
				VALIDATE_PRODUCT = YES;
			};
			name = Release;
		};
		1860CD042C2421630046C194 /* Debug */ = {
			isa = XCBuildConfiguration;
			buildSettings = {
				ASSETCATALOG_COMPILER_APPICON_NAME = AppIcon;
				ASSETCATALOG_COMPILER_GLOBAL_ACCENT_COLOR_NAME = AccentColor;
				CODE_SIGN_STYLE = Automatic;
				CURRENT_PROJECT_VERSION = 1;
				DEVELOPMENT_ASSET_PATHS = "\"BookScout-v2/Preview Content\"";
				DEVELOPMENT_TEAM = P5JPX93769;
				ENABLE_PREVIEWS = YES;
				GENERATE_INFOPLIST_FILE = YES;
				INFOPLIST_FILE = "BookScout-v2/Info.plist";
				INFOPLIST_KEY_UIApplicationSceneManifest_Generation = YES;
				INFOPLIST_KEY_UIApplicationSupportsIndirectInputEvents = YES;
				INFOPLIST_KEY_UILaunchScreen_Generation = YES;
				INFOPLIST_KEY_UISupportedInterfaceOrientations = UIInterfaceOrientationPortrait;
				IPHONEOS_DEPLOYMENT_TARGET = 16.0;
				LD_RUNPATH_SEARCH_PATHS = (
					"$(inherited)",
					"@executable_path/Frameworks",
				);
				MARKETING_VERSION = 1.0;
				PRODUCT_BUNDLE_IDENTIFIER = "ali.BookScout-v2";
				PRODUCT_NAME = "$(TARGET_NAME)";
				SUPPORTED_PLATFORMS = "iphoneos iphonesimulator";
				SUPPORTS_MACCATALYST = NO;
				SUPPORTS_MAC_DESIGNED_FOR_IPHONE_IPAD = NO;
				SUPPORTS_XR_DESIGNED_FOR_IPHONE_IPAD = NO;
				SWIFT_EMIT_LOC_STRINGS = YES;
				SWIFT_VERSION = 5.0;
				TARGETED_DEVICE_FAMILY = 1;
			};
			name = Debug;
		};
		1860CD052C2421630046C194 /* Release */ = {
			isa = XCBuildConfiguration;
			buildSettings = {
				ASSETCATALOG_COMPILER_APPICON_NAME = AppIcon;
				ASSETCATALOG_COMPILER_GLOBAL_ACCENT_COLOR_NAME = AccentColor;
				CODE_SIGN_STYLE = Automatic;
				CURRENT_PROJECT_VERSION = 1;
				DEVELOPMENT_ASSET_PATHS = "\"BookScout-v2/Preview Content\"";
				DEVELOPMENT_TEAM = P5JPX93769;
				ENABLE_PREVIEWS = YES;
				GENERATE_INFOPLIST_FILE = YES;
				INFOPLIST_FILE = "BookScout-v2/Info.plist";
				INFOPLIST_KEY_UIApplicationSceneManifest_Generation = YES;
				INFOPLIST_KEY_UIApplicationSupportsIndirectInputEvents = YES;
				INFOPLIST_KEY_UILaunchScreen_Generation = YES;
				INFOPLIST_KEY_UISupportedInterfaceOrientations = UIInterfaceOrientationPortrait;
				IPHONEOS_DEPLOYMENT_TARGET = 16.0;
				LD_RUNPATH_SEARCH_PATHS = (
					"$(inherited)",
					"@executable_path/Frameworks",
				);
				MARKETING_VERSION = 1.0;
				PRODUCT_BUNDLE_IDENTIFIER = "ali.BookScout-v2";
				PRODUCT_NAME = "$(TARGET_NAME)";
				SUPPORTED_PLATFORMS = "iphoneos iphonesimulator";
				SUPPORTS_MACCATALYST = NO;
				SUPPORTS_MAC_DESIGNED_FOR_IPHONE_IPAD = NO;
				SUPPORTS_XR_DESIGNED_FOR_IPHONE_IPAD = NO;
				SWIFT_EMIT_LOC_STRINGS = YES;
				SWIFT_VERSION = 5.0;
				TARGETED_DEVICE_FAMILY = 1;
			};
			name = Release;
		};
/* End XCBuildConfiguration section */

/* Begin XCConfigurationList section */
		1860CCF02C2421600046C194 /* Build configuration list for PBXProject "BookScout-v2" */ = {
			isa = XCConfigurationList;
			buildConfigurations = (
				1860CD012C2421630046C194 /* Debug */,
				1860CD022C2421630046C194 /* Release */,
			);
			defaultConfigurationIsVisible = 0;
			defaultConfigurationName = Release;
		};
		1860CD032C2421630046C194 /* Build configuration list for PBXNativeTarget "BookScout-v2" */ = {
			isa = XCConfigurationList;
			buildConfigurations = (
				1860CD042C2421630046C194 /* Debug */,
				1860CD052C2421630046C194 /* Release */,
			);
			defaultConfigurationIsVisible = 0;
			defaultConfigurationName = Release;
		};
/* End XCConfigurationList section */
	};
	rootObject = 1860CCED2C2421600046C194 /* Project object */;
}
